{
  "name": "hello-node",
  "version": "0.0.1",
  "lockfileVersion": 1,
  "requires": true,
  "dependencies": {
    "cards-ascii": {
      "version": "1.2.0",
      "resolved": "https://registry.npmjs.org/cards-ascii/-/cards-ascii-1.2.0.tgz",
      "integrity": "sha512-LpYHSoqbwqa6tQP6eNyEkFsus9E8MaezTW6094+jga8CZN99yGF/b3RcyGFcaISmUnnn+/CLraQGz0ca4IXjRg==",
      "requires": {
        "cards-unicode": "^1.2.1"
      }
    },
    "cards-unicode": {
      "version": "1.2.1",
      "resolved": "https://registry.npmjs.org/cards-unicode/-/cards-unicode-1.2.1.tgz",
      "integrity": "sha512-s/vCBpQcAVlobL+nCZ4+R2UcSyq5+ph4e6ZgflWPyIXUtvV85myLEKXmEH8G48wTPQCmb+QUBJuu4AAdXEOmjQ=="
    }
  }
}
